# THIS IS AN AUTOGENERATED FILE. DO NOT EDIT THIS FILE DIRECTLY.
# yarn lockfile v1


"@fortawesome/fontawesome-common-types@^0.2.28":
  version "0.2.28"
  resolved "https://registry.yarnpkg.com/@fortawesome/fontawesome-common-types/-/fontawesome-common-types-0.2.28.tgz#1091bdfe63b3f139441e9cba27aa022bff97d8b2"
  integrity sha512-gtis2/5yLdfI6n0ia0jH7NJs5i/Z/8M/ZbQL6jXQhCthEOe5Cr5NcQPhgTvFxNOtURE03/ZqUcEskdn2M+QaBg==

"@fortawesome/free-regular-svg-icons@^5.13.0":
  version "5.13.0"
  resolved "https://registry.yarnpkg.com/@fortawesome/free-regular-svg-icons/-/free-regular-svg-icons-5.13.0.tgz#925a13d8bdda0678f71551828cac80ab47b8150c"
  integrity sha512-70FAyiS5j+ANYD4dh9NGowTorNDnyvQHHpCM7FpnF7GxtDjBUCKdrFqCPzesEIpNDFNd+La3vex+jDk4nnUfpA==
  dependencies:
    "@fortawesome/fontawesome-common-types" "^0.2.28"

reactjs-popup@^1.5.0:
  version "1.5.0"
  resolved "https://registry.yarnpkg.com/reactjs-popup/-/reactjs-popup-1.5.0.tgz#09ef15daf9bf932e9adbf595f3976851c24913cf"
  integrity sha512-9uoxUAcUomnNoBtdYXBmgsF4w46llsogE3tOvLb5IkR5MMrD6UZJK20ip9kDKXCYubSxNkdfQKqSb/c95rf/qA==
